// !$*UTF8*$!
{
	archiveVersion = 1;
	classes = {
	};
	objectVersion = 56;
	objects = {

/* Begin PBXBuildFile section */
		0D6C2AB42ABED76B00D6BCD5 /* AppDelegate.swift in Sources */ = {isa = PBXBuildFile; fileRef = 0D6C2AB32ABED76B00D6BCD5 /* AppDelegate.swift */; };
		0D6C2ABD2ABED76C00D6BCD5 /* Assets.xcassets in Resources */ = {isa = PBXBuildFile; fileRef = 0D6C2ABC2ABED76C00D6BCD5 /* Assets.xcassets */; };
		0D6C2AC02ABED76C00D6BCD5 /* LaunchScreen.storyboard in Resources */ = {isa = PBXBuildFile; fileRef = 0D6C2ABE2ABED76C00D6BCD5 /* LaunchScreen.storyboard */; };
		0D6C2ACF2ABED89200D6BCD5 /* DeveloperListFactory.swift in Sources */ = {isa = PBXBuildFile; fileRef = 0D6C2ACB2ABED89200D6BCD5 /* DeveloperListFactory.swift */; };
		0D6C2AD02ABED89200D6BCD5 /* DeveloperListResources.swift in Sources */ = {isa = PBXBuildFile; fileRef = 0D6C2ACC2ABED89200D6BCD5 /* DeveloperListResources.swift */; };
		0D6C2AD12ABED89200D6BCD5 /* DeveloperListViewController.swift in Sources */ = {isa = PBXBuildFile; fileRef = 0D6C2ACD2ABED89200D6BCD5 /* DeveloperListViewController.swift */; };
		0D6C2AD22ABED89200D6BCD5 /* DeveloperListViewModel.swift in Sources */ = {isa = PBXBuildFile; fileRef = 0D6C2ACE2ABED89200D6BCD5 /* DeveloperListViewModel.swift */; };
		0D6C2AD52ABEDB0800D6BCD5 /* MainFlow.swift in Sources */ = {isa = PBXBuildFile; fileRef = 0D6C2AD42ABEDB0800D6BCD5 /* MainFlow.swift */; };
		0D6C2AD72ABEDB4500D6BCD5 /* MainFlowNavigatorProtocol.swift in Sources */ = {isa = PBXBuildFile; fileRef = 0D6C2AD62ABEDB4500D6BCD5 /* MainFlowNavigatorProtocol.swift */; };
		0D6C2ADB2ABEDC0B00D6BCD5 /* UINavigator.swift in Sources */ = {isa = PBXBuildFile; fileRef = 0D6C2ADA2ABEDC0B00D6BCD5 /* UINavigator.swift */; };
		0D6C2ADD2ABEDC6700D6BCD5 /* UINavigationController+Animated.swift in Sources */ = {isa = PBXBuildFile; fileRef = 0D6C2ADC2ABEDC6700D6BCD5 /* UINavigationController+Animated.swift */; };
		0D6C2AE02ABEDCCA00D6BCD5 /* DeveloperListFlow.swift in Sources */ = {isa = PBXBuildFile; fileRef = 0D6C2ADF2ABEDCCA00D6BCD5 /* DeveloperListFlow.swift */; };
		0D6C2AE22ABEDCD000D6BCD5 /* DeveloperListFlowNavigator.swift in Sources */ = {isa = PBXBuildFile; fileRef = 0D6C2AE12ABEDCD000D6BCD5 /* DeveloperListFlowNavigator.swift */; };
		0DEF0FE72ABEEA9E00D9EF04 /* ListResponse.swift in Sources */ = {isa = PBXBuildFile; fileRef = 0DEF0FE62ABEEA9E00D9EF04 /* ListResponse.swift */; };
		0DEF0FE92ABEEC1100D9EF04 /* NetworkManager.swift in Sources */ = {isa = PBXBuildFile; fileRef = 0DEF0FE82ABEEC1100D9EF04 /* NetworkManager.swift */; };
		0DEF0FEB2ABEEC1900D9EF04 /* ImageManager.swift in Sources */ = {isa = PBXBuildFile; fileRef = 0DEF0FEA2ABEEC1900D9EF04 /* ImageManager.swift */; };
		0DEF0FEE2ABEEC4500D9EF04 /* SLView.swift in Sources */ = {isa = PBXBuildFile; fileRef = 0DEF0FED2ABEEC4500D9EF04 /* SLView.swift */; };
		0DEF0FF22ABEEC7600D9EF04 /* SLStackView.swift in Sources */ = {isa = PBXBuildFile; fileRef = 0DEF0FF12ABEEC7600D9EF04 /* SLStackView.swift */; };
		0DEF0FF52ABEEC9300D9EF04 /* SLImageView.swift in Sources */ = {isa = PBXBuildFile; fileRef = 0DEF0FF42ABEEC9300D9EF04 /* SLImageView.swift */; };
		0DEF0FF82ABEECCB00D9EF04 /* SLCircleImageView.swift in Sources */ = {isa = PBXBuildFile; fileRef = 0DEF0FF72ABEECCB00D9EF04 /* SLCircleImageView.swift */; };
		0DEF0FFB2ABEED0200D9EF04 /* SLTableView.swift in Sources */ = {isa = PBXBuildFile; fileRef = 0DEF0FFA2ABEED0200D9EF04 /* SLTableView.swift */; };
		0DEF0FFE2ABEED2A00D9EF04 /* SLTableViewCell.swift in Sources */ = {isa = PBXBuildFile; fileRef = 0DEF0FFD2ABEED2A00D9EF04 /* SLTableViewCell.swift */; };
		0DEF10012ABEED5100D9EF04 /* SLSectionCell.swift in Sources */ = {isa = PBXBuildFile; fileRef = 0DEF10002ABEED5100D9EF04 /* SLSectionCell.swift */; };
		0DEF10042ABEEE3200D9EF04 /* ServiceFactory.swift in Sources */ = {isa = PBXBuildFile; fileRef = 0DEF10032ABEEE3200D9EF04 /* ServiceFactory.swift */; };
		0DEF10072ABEEFDD00D9EF04 /* DeveloperListTableView.swift in Sources */ = {isa = PBXBuildFile; fileRef = 0DEF10062ABEEFDD00D9EF04 /* DeveloperListTableView.swift */; };
		0DEF100A2ABEEFE800D9EF04 /* DeveloperListTableViewCell.swift in Sources */ = {isa = PBXBuildFile; fileRef = 0DEF10092ABEEFE800D9EF04 /* DeveloperListTableViewCell.swift */; };
		0DEF100C2ABEEFED00D9EF04 /* DeveloperListTableViewCell+Model.swift in Sources */ = {isa = PBXBuildFile; fileRef = 0DEF100B2ABEEFED00D9EF04 /* DeveloperListTableViewCell+Model.swift */; };
		0DEF100F2ABEF1B500D9EF04 /* AvatarImageView.swift in Sources */ = {isa = PBXBuildFile; fileRef = 0DEF100E2ABEF1B500D9EF04 /* AvatarImageView.swift */; };
		0DEF10112ABEF3A400D9EF04 /* DeveloperListTableViewCellViewModel.swift in Sources */ = {isa = PBXBuildFile; fileRef = 0DEF10102ABEF3A400D9EF04 /* DeveloperListTableViewCellViewModel.swift */; };
		0DEF10132ABEFB8800D9EF04 /* URLRequestConstructor.swift in Sources */ = {isa = PBXBuildFile; fileRef = 0DEF10122ABEFB8800D9EF04 /* URLRequestConstructor.swift */; };
		0DEF10152AC033B100D9EF04 /* Data+AppendMultipart.swift in Sources */ = {isa = PBXBuildFile; fileRef = 0DEF10142AC033B100D9EF04 /* Data+AppendMultipart.swift */; };
		0DEF10172AC03D3300D9EF04 /* PhotoUploadResponse.swift in Sources */ = {isa = PBXBuildFile; fileRef = 0DEF10162AC03D3300D9EF04 /* PhotoUploadResponse.swift */; };
/* End PBXBuildFile section */

/* Begin PBXFileReference section */
		0D6C2AB02ABED76B00D6BCD5 /* SnapList.app */ = {isa = PBXFileReference; explicitFileType = wrapper.application; includeInIndex = 0; path = SnapList.app; sourceTree = BUILT_PRODUCTS_DIR; };
		0D6C2AB32ABED76B00D6BCD5 /* AppDelegate.swift */ = {isa = PBXFileReference; lastKnownFileType = sourcecode.swift; path = AppDelegate.swift; sourceTree = "<group>"; };
		0D6C2ABC2ABED76C00D6BCD5 /* Assets.xcassets */ = {isa = PBXFileReference; lastKnownFileType = folder.assetcatalog; path = Assets.xcassets; sourceTree = "<group>"; };
		0D6C2ABF2ABED76C00D6BCD5 /* Base */ = {isa = PBXFileReference; lastKnownFileType = file.storyboard; name = Base; path = Base.lproj/LaunchScreen.storyboard; sourceTree = "<group>"; };
		0D6C2AC12ABED76C00D6BCD5 /* Info.plist */ = {isa = PBXFileReference; lastKnownFileType = text.plist.xml; path = Info.plist; sourceTree = "<group>"; };
		0D6C2ACB2ABED89200D6BCD5 /* DeveloperListFactory.swift */ = {isa = PBXFileReference; lastKnownFileType = sourcecode.swift; path = DeveloperListFactory.swift; sourceTree = "<group>"; };
		0D6C2ACC2ABED89200D6BCD5 /* DeveloperListResources.swift */ = {isa = PBXFileReference; lastKnownFileType = sourcecode.swift; path = DeveloperListResources.swift; sourceTree = "<group>"; };
		0D6C2ACD2ABED89200D6BCD5 /* DeveloperListViewController.swift */ = {isa = PBXFileReference; lastKnownFileType = sourcecode.swift; path = DeveloperListViewController.swift; sourceTree = "<group>"; };
		0D6C2ACE2ABED89200D6BCD5 /* DeveloperListViewModel.swift */ = {isa = PBXFileReference; lastKnownFileType = sourcecode.swift; path = DeveloperListViewModel.swift; sourceTree = "<group>"; };
		0D6C2AD42ABEDB0800D6BCD5 /* MainFlow.swift */ = {isa = PBXFileReference; lastKnownFileType = sourcecode.swift; path = MainFlow.swift; sourceTree = "<group>"; };
		0D6C2AD62ABEDB4500D6BCD5 /* MainFlowNavigatorProtocol.swift */ = {isa = PBXFileReference; lastKnownFileType = sourcecode.swift; path = MainFlowNavigatorProtocol.swift; sourceTree = "<group>"; };
		0D6C2ADA2ABEDC0B00D6BCD5 /* UINavigator.swift */ = {isa = PBXFileReference; lastKnownFileType = sourcecode.swift; path = UINavigator.swift; sourceTree = "<group>"; };
		0D6C2ADC2ABEDC6700D6BCD5 /* UINavigationController+Animated.swift */ = {isa = PBXFileReference; lastKnownFileType = sourcecode.swift; path = "UINavigationController+Animated.swift"; sourceTree = "<group>"; };
		0D6C2ADF2ABEDCCA00D6BCD5 /* DeveloperListFlow.swift */ = {isa = PBXFileReference; lastKnownFileType = sourcecode.swift; path = DeveloperListFlow.swift; sourceTree = "<group>"; };
		0D6C2AE12ABEDCD000D6BCD5 /* DeveloperListFlowNavigator.swift */ = {isa = PBXFileReference; lastKnownFileType = sourcecode.swift; path = DeveloperListFlowNavigator.swift; sourceTree = "<group>"; };
		0DEF0FE62ABEEA9E00D9EF04 /* ListResponse.swift */ = {isa = PBXFileReference; lastKnownFileType = sourcecode.swift; path = ListResponse.swift; sourceTree = "<group>"; };
		0DEF0FE82ABEEC1100D9EF04 /* NetworkManager.swift */ = {isa = PBXFileReference; lastKnownFileType = sourcecode.swift; path = NetworkManager.swift; sourceTree = "<group>"; };
		0DEF0FEA2ABEEC1900D9EF04 /* ImageManager.swift */ = {isa = PBXFileReference; lastKnownFileType = sourcecode.swift; path = ImageManager.swift; sourceTree = "<group>"; };
		0DEF0FED2ABEEC4500D9EF04 /* SLView.swift */ = {isa = PBXFileReference; lastKnownFileType = sourcecode.swift; path = SLView.swift; sourceTree = "<group>"; };
		0DEF0FF12ABEEC7600D9EF04 /* SLStackView.swift */ = {isa = PBXFileReference; lastKnownFileType = sourcecode.swift; path = SLStackView.swift; sourceTree = "<group>"; };
		0DEF0FF42ABEEC9300D9EF04 /* SLImageView.swift */ = {isa = PBXFileReference; lastKnownFileType = sourcecode.swift; path = SLImageView.swift; sourceTree = "<group>"; };
		0DEF0FF72ABEECCB00D9EF04 /* SLCircleImageView.swift */ = {isa = PBXFileReference; lastKnownFileType = sourcecode.swift; path = SLCircleImageView.swift; sourceTree = "<group>"; };
		0DEF0FFA2ABEED0200D9EF04 /* SLTableView.swift */ = {isa = PBXFileReference; lastKnownFileType = sourcecode.swift; path = SLTableView.swift; sourceTree = "<group>"; };
		0DEF0FFD2ABEED2A00D9EF04 /* SLTableViewCell.swift */ = {isa = PBXFileReference; lastKnownFileType = sourcecode.swift; path = SLTableViewCell.swift; sourceTree = "<group>"; };
		0DEF10002ABEED5100D9EF04 /* SLSectionCell.swift */ = {isa = PBXFileReference; lastKnownFileType = sourcecode.swift; path = SLSectionCell.swift; sourceTree = "<group>"; };
		0DEF10032ABEEE3200D9EF04 /* ServiceFactory.swift */ = {isa = PBXFileReference; lastKnownFileType = sourcecode.swift; path = ServiceFactory.swift; sourceTree = "<group>"; };
		0DEF10062ABEEFDD00D9EF04 /* DeveloperListTableView.swift */ = {isa = PBXFileReference; lastKnownFileType = sourcecode.swift; path = DeveloperListTableView.swift; sourceTree = "<group>"; };
		0DEF10092ABEEFE800D9EF04 /* DeveloperListTableViewCell.swift */ = {isa = PBXFileReference; lastKnownFileType = sourcecode.swift; path = DeveloperListTableViewCell.swift; sourceTree = "<group>"; };
		0DEF100B2ABEEFED00D9EF04 /* DeveloperListTableViewCell+Model.swift */ = {isa = PBXFileReference; lastKnownFileType = sourcecode.swift; path = "DeveloperListTableViewCell+Model.swift"; sourceTree = "<group>"; };
		0DEF100E2ABEF1B500D9EF04 /* AvatarImageView.swift */ = {isa = PBXFileReference; lastKnownFileType = sourcecode.swift; path = AvatarImageView.swift; sourceTree = "<group>"; };
		0DEF10102ABEF3A400D9EF04 /* DeveloperListTableViewCellViewModel.swift */ = {isa = PBXFileReference; lastKnownFileType = sourcecode.swift; path = DeveloperListTableViewCellViewModel.swift; sourceTree = "<group>"; };
		0DEF10122ABEFB8800D9EF04 /* URLRequestConstructor.swift */ = {isa = PBXFileReference; lastKnownFileType = sourcecode.swift; path = URLRequestConstructor.swift; sourceTree = "<group>"; };
		0DEF10142AC033B100D9EF04 /* Data+AppendMultipart.swift */ = {isa = PBXFileReference; lastKnownFileType = sourcecode.swift; path = "Data+AppendMultipart.swift"; sourceTree = "<group>"; };
		0DEF10162AC03D3300D9EF04 /* PhotoUploadResponse.swift */ = {isa = PBXFileReference; lastKnownFileType = sourcecode.swift; path = PhotoUploadResponse.swift; sourceTree = "<group>"; };
/* End PBXFileReference section */

/* Begin PBXFrameworksBuildPhase section */
		0D6C2AAD2ABED76B00D6BCD5 /* Frameworks */ = {
			isa = PBXFrameworksBuildPhase;
			buildActionMask = 2147483647;
			files = (
			);
			runOnlyForDeploymentPostprocessing = 0;
		};
/* End PBXFrameworksBuildPhase section */

/* Begin PBXGroup section */
		0D6C2AA72ABED76B00D6BCD5 = {
			isa = PBXGroup;
			children = (
				0D6C2AB22ABED76B00D6BCD5 /* SnapList */,
				0D6C2AB12ABED76B00D6BCD5 /* Products */,
			);
			sourceTree = "<group>";
		};
		0D6C2AB12ABED76B00D6BCD5 /* Products */ = {
			isa = PBXGroup;
			children = (
				0D6C2AB02ABED76B00D6BCD5 /* SnapList.app */,
			);
			name = Products;
			sourceTree = "<group>";
		};
		0D6C2AB22ABED76B00D6BCD5 /* SnapList */ = {
			isa = PBXGroup;
			children = (
				0D6C2AB32ABED76B00D6BCD5 /* AppDelegate.swift */,
				0D6C2AC82ABED77C00D6BCD5 /* Common */,
				0D6C2ADE2ABEDCB000D6BCD5 /* Flows */,
				0D6C2AC72ABED77700D6BCD5 /* MainFlow */,
				0D6C2AC92ABED77F00D6BCD5 /* Resources */,
				0D6C2AC12ABED76C00D6BCD5 /* Info.plist */,
				0D6C2ABE2ABED76C00D6BCD5 /* LaunchScreen.storyboard */,
			);
			path = SnapList;
			sourceTree = "<group>";
		};
		0D6C2AC72ABED77700D6BCD5 /* MainFlow */ = {
			isa = PBXGroup;
			children = (
				0D6C2AD42ABEDB0800D6BCD5 /* MainFlow.swift */,
				0D6C2AD62ABEDB4500D6BCD5 /* MainFlowNavigatorProtocol.swift */,
			);
			path = MainFlow;
			sourceTree = "<group>";
		};
		0D6C2AC82ABED77C00D6BCD5 /* Common */ = {
			isa = PBXGroup;
			children = (
				0DEF0FEC2ABEEC3C00D9EF04 /* SLViews */,
				0D6C2AD92ABEDB5500D6BCD5 /* Services */,
				0DEF0FE32ABEE9F700D9EF04 /* DTOModels */,
				0D6C2AD82ABEDB4E00D6BCD5 /* Navigator */,
				0DEF10022ABEED6800D9EF04 /* Extensions */,
			);
			path = Common;
			sourceTree = "<group>";
		};
		0D6C2AC92ABED77F00D6BCD5 /* Resources */ = {
			isa = PBXGroup;
			children = (
				0D6C2ABC2ABED76C00D6BCD5 /* Assets.xcassets */,
			);
			path = Resources;
			sourceTree = "<group>";
		};
		0D6C2ACA2ABED87900D6BCD5 /* DeveloperListFlow */ = {
			isa = PBXGroup;
			children = (
				0D6C2AE32ABEDCDE00D6BCD5 /* Submodules */,
				0D6C2ADF2ABEDCCA00D6BCD5 /* DeveloperListFlow.swift */,
				0D6C2AE12ABEDCD000D6BCD5 /* DeveloperListFlowNavigator.swift */,
			);
			path = DeveloperListFlow;
			sourceTree = "<group>";
		};
		0D6C2AD82ABEDB4E00D6BCD5 /* Navigator */ = {
			isa = PBXGroup;
			children = (
				0D6C2ADA2ABEDC0B00D6BCD5 /* UINavigator.swift */,
				0D6C2ADC2ABEDC6700D6BCD5 /* UINavigationController+Animated.swift */,
			);
			path = Navigator;
			sourceTree = "<group>";
		};
		0D6C2AD92ABEDB5500D6BCD5 /* Services */ = {
			isa = PBXGroup;
			children = (
				0DEF0FE42ABEEA0000D9EF04 /* NetworkService */,
				0DEF10032ABEEE3200D9EF04 /* ServiceFactory.swift */,
			);
			path = Services;
			sourceTree = "<group>";
		};
		0D6C2ADE2ABEDCB000D6BCD5 /* Flows */ = {
			isa = PBXGroup;
			children = (
				0D6C2ACA2ABED87900D6BCD5 /* DeveloperListFlow */,
			);
			path = Flows;
			sourceTree = "<group>";
		};
		0D6C2AE32ABEDCDE00D6BCD5 /* Submodules */ = {
			isa = PBXGroup;
			children = (
				0D6C2AE42ABEDCEA00D6BCD5 /* Views */,
				0D6C2AE52ABEDCED00D6BCD5 /* SnapshotViewController */,
				0D6C2ACB2ABED89200D6BCD5 /* DeveloperListFactory.swift */,
				0D6C2ACC2ABED89200D6BCD5 /* DeveloperListResources.swift */,
				0D6C2ACE2ABED89200D6BCD5 /* DeveloperListViewModel.swift */,
				0D6C2ACD2ABED89200D6BCD5 /* DeveloperListViewController.swift */,
			);
			path = Submodules;
			sourceTree = "<group>";
		};
		0D6C2AE42ABEDCEA00D6BCD5 /* Views */ = {
			isa = PBXGroup;
			children = (
				0DEF100D2ABEF04000D9EF04 /* AvatarImageView */,
				0DEF10052ABEEFD300D9EF04 /* DeveloperListTableView */,
			);
			path = Views;
			sourceTree = "<group>";
		};
		0D6C2AE52ABEDCED00D6BCD5 /* SnapshotViewController */ = {
			isa = PBXGroup;
			children = (
			);
			path = SnapshotViewController;
			sourceTree = "<group>";
		};
		0DEF0FE32ABEE9F700D9EF04 /* DTOModels */ = {
			isa = PBXGroup;
			children = (
				0DEF0FE62ABEEA9E00D9EF04 /* ListResponse.swift */,
				0DEF10162AC03D3300D9EF04 /* PhotoUploadResponse.swift */,
			);
			path = DTOModels;
			sourceTree = "<group>";
		};
		0DEF0FE42ABEEA0000D9EF04 /* NetworkService */ = {
			isa = PBXGroup;
			children = (
				0DEF0FE82ABEEC1100D9EF04 /* NetworkManager.swift */,
				0DEF0FEA2ABEEC1900D9EF04 /* ImageManager.swift */,
				0DEF10122ABEFB8800D9EF04 /* URLRequestConstructor.swift */,
			);
			path = NetworkService;
			sourceTree = "<group>";
		};
		0DEF0FEC2ABEEC3C00D9EF04 /* SLViews */ = {
			isa = PBXGroup;
			children = (
				0DEF0FF92ABEECF900D9EF04 /* SLTableView */,
				0DEF0FF02ABEEC6D00D9EF04 /* SLView */,
				0DEF0FEF2ABEEC6800D9EF04 /* SLStackView */,
				0DEF0FF32ABEEC8A00D9EF04 /* SLImageView */,
				0DEF0FF62ABEECC300D9EF04 /* SLCircleImageView */,
			);
			path = SLViews;
			sourceTree = "<group>";
		};
		0DEF0FEF2ABEEC6800D9EF04 /* SLStackView */ = {
			isa = PBXGroup;
			children = (
				0DEF0FF12ABEEC7600D9EF04 /* SLStackView.swift */,
			);
			path = SLStackView;
			sourceTree = "<group>";
		};
		0DEF0FF02ABEEC6D00D9EF04 /* SLView */ = {
			isa = PBXGroup;
			children = (
				0DEF0FED2ABEEC4500D9EF04 /* SLView.swift */,
			);
			path = SLView;
			sourceTree = "<group>";
		};
		0DEF0FF32ABEEC8A00D9EF04 /* SLImageView */ = {
			isa = PBXGroup;
			children = (
				0DEF0FF42ABEEC9300D9EF04 /* SLImageView.swift */,
			);
			path = SLImageView;
			sourceTree = "<group>";
		};
		0DEF0FF62ABEECC300D9EF04 /* SLCircleImageView */ = {
			isa = PBXGroup;
			children = (
				0DEF0FF72ABEECCB00D9EF04 /* SLCircleImageView.swift */,
			);
			path = SLCircleImageView;
			sourceTree = "<group>";
		};
		0DEF0FF92ABEECF900D9EF04 /* SLTableView */ = {
			isa = PBXGroup;
			children = (
				0DEF0FFA2ABEED0200D9EF04 /* SLTableView.swift */,
				0DEF0FFC2ABEED1900D9EF04 /* SLTableViewCell */,
				0DEF0FFF2ABEED3800D9EF04 /* SLSectionCell */,
			);
			path = SLTableView;
			sourceTree = "<group>";
		};
		0DEF0FFC2ABEED1900D9EF04 /* SLTableViewCell */ = {
			isa = PBXGroup;
			children = (
				0DEF0FFD2ABEED2A00D9EF04 /* SLTableViewCell.swift */,
			);
			path = SLTableViewCell;
			sourceTree = "<group>";
		};
		0DEF0FFF2ABEED3800D9EF04 /* SLSectionCell */ = {
			isa = PBXGroup;
			children = (
				0DEF10002ABEED5100D9EF04 /* SLSectionCell.swift */,
			);
			path = SLSectionCell;
			sourceTree = "<group>";
		};
		0DEF10022ABEED6800D9EF04 /* Extensions */ = {
			isa = PBXGroup;
			children = (
				0DEF10142AC033B100D9EF04 /* Data+AppendMultipart.swift */,
			);
			path = Extensions;
			sourceTree = "<group>";
		};
		0DEF10052ABEEFD300D9EF04 /* DeveloperListTableView */ = {
			isa = PBXGroup;
			children = (
				0DEF10082ABEEFDF00D9EF04 /* DeveloperListTableViewCell */,
				0DEF10062ABEEFDD00D9EF04 /* DeveloperListTableView.swift */,
			);
			path = DeveloperListTableView;
			sourceTree = "<group>";
		};
		0DEF10082ABEEFDF00D9EF04 /* DeveloperListTableViewCell */ = {
			isa = PBXGroup;
			children = (
				0DEF10092ABEEFE800D9EF04 /* DeveloperListTableViewCell.swift */,
				0DEF100B2ABEEFED00D9EF04 /* DeveloperListTableViewCell+Model.swift */,
				0DEF10102ABEF3A400D9EF04 /* DeveloperListTableViewCellViewModel.swift */,
			);
			path = DeveloperListTableViewCell;
			sourceTree = "<group>";
		};
		0DEF100D2ABEF04000D9EF04 /* AvatarImageView */ = {
			isa = PBXGroup;
			children = (
				0DEF100E2ABEF1B500D9EF04 /* AvatarImageView.swift */,
			);
			path = AvatarImageView;
			sourceTree = "<group>";
		};
/* End PBXGroup section */

/* Begin PBXNativeTarget section */
		0D6C2AAF2ABED76B00D6BCD5 /* SnapList */ = {
			isa = PBXNativeTarget;
			buildConfigurationList = 0D6C2AC42ABED76C00D6BCD5 /* Build configuration list for PBXNativeTarget "SnapList" */;
			buildPhases = (
				0D6C2AAC2ABED76B00D6BCD5 /* Sources */,
				0D6C2AAD2ABED76B00D6BCD5 /* Frameworks */,
				0D6C2AAE2ABED76B00D6BCD5 /* Resources */,
			);
			buildRules = (
			);
			dependencies = (
			);
			name = SnapList;
			productName = SnapList;
			productReference = 0D6C2AB02ABED76B00D6BCD5 /* SnapList.app */;
			productType = "com.apple.product-type.application";
		};
/* End PBXNativeTarget section */

/* Begin PBXProject section */
		0D6C2AA82ABED76B00D6BCD5 /* Project object */ = {
			isa = PBXProject;
			attributes = {
				BuildIndependentTargetsInParallel = 1;
				LastSwiftUpdateCheck = 1420;
				LastUpgradeCheck = 1420;
				TargetAttributes = {
					0D6C2AAF2ABED76B00D6BCD5 = {
						CreatedOnToolsVersion = 14.2;
					};
				};
			};
			buildConfigurationList = 0D6C2AAB2ABED76B00D6BCD5 /* Build configuration list for PBXProject "SnapList" */;
			compatibilityVersion = "Xcode 14.0";
			developmentRegion = en;
			hasScannedForEncodings = 0;
			knownRegions = (
				en,
				Base,
			);
			mainGroup = 0D6C2AA72ABED76B00D6BCD5;
			productRefGroup = 0D6C2AB12ABED76B00D6BCD5 /* Products */;
			projectDirPath = "";
			projectRoot = "";
			targets = (
				0D6C2AAF2ABED76B00D6BCD5 /* SnapList */,
			);
		};
/* End PBXProject section */

/* Begin PBXResourcesBuildPhase section */
		0D6C2AAE2ABED76B00D6BCD5 /* Resources */ = {
			isa = PBXResourcesBuildPhase;
			buildActionMask = 2147483647;
			files = (
				0D6C2AC02ABED76C00D6BCD5 /* LaunchScreen.storyboard in Resources */,
				0D6C2ABD2ABED76C00D6BCD5 /* Assets.xcassets in Resources */,
			);
			runOnlyForDeploymentPostprocessing = 0;
		};
/* End PBXResourcesBuildPhase section */

/* Begin PBXSourcesBuildPhase section */
		0D6C2AAC2ABED76B00D6BCD5 /* Sources */ = {
			isa = PBXSourcesBuildPhase;
			buildActionMask = 2147483647;
			files = (
				0DEF0FF52ABEEC9300D9EF04 /* SLImageView.swift in Sources */,
				0D6C2AE02ABEDCCA00D6BCD5 /* DeveloperListFlow.swift in Sources */,
				0DEF0FFB2ABEED0200D9EF04 /* SLTableView.swift in Sources */,
				0D6C2AE22ABEDCD000D6BCD5 /* DeveloperListFlowNavigator.swift in Sources */,
				0DEF10042ABEEE3200D9EF04 /* ServiceFactory.swift in Sources */,
				0DEF0FEE2ABEEC4500D9EF04 /* SLView.swift in Sources */,
				0DEF10152AC033B100D9EF04 /* Data+AppendMultipart.swift in Sources */,
				0D6C2AD02ABED89200D6BCD5 /* DeveloperListResources.swift in Sources */,
				0DEF100C2ABEEFED00D9EF04 /* DeveloperListTableViewCell+Model.swift in Sources */,
				0DEF0FF82ABEECCB00D9EF04 /* SLCircleImageView.swift in Sources */,
				0DEF100A2ABEEFE800D9EF04 /* DeveloperListTableViewCell.swift in Sources */,
				0DEF0FE92ABEEC1100D9EF04 /* NetworkManager.swift in Sources */,
				0DEF0FE72ABEEA9E00D9EF04 /* ListResponse.swift in Sources */,
				0D6C2AB42ABED76B00D6BCD5 /* AppDelegate.swift in Sources */,
				0D6C2AD52ABEDB0800D6BCD5 /* MainFlow.swift in Sources */,
				0D6C2ADD2ABEDC6700D6BCD5 /* UINavigationController+Animated.swift in Sources */,
				0D6C2ACF2ABED89200D6BCD5 /* DeveloperListFactory.swift in Sources */,
				0DEF0FEB2ABEEC1900D9EF04 /* ImageManager.swift in Sources */,
				0DEF10112ABEF3A400D9EF04 /* DeveloperListTableViewCellViewModel.swift in Sources */,
				0DEF10132ABEFB8800D9EF04 /* URLRequestConstructor.swift in Sources */,
				0D6C2AD12ABED89200D6BCD5 /* DeveloperListViewController.swift in Sources */,
				0DEF0FF22ABEEC7600D9EF04 /* SLStackView.swift in Sources */,
				0D6C2ADB2ABEDC0B00D6BCD5 /* UINavigator.swift in Sources */,
				0D6C2AD22ABED89200D6BCD5 /* DeveloperListViewModel.swift in Sources */,
				0DEF0FFE2ABEED2A00D9EF04 /* SLTableViewCell.swift in Sources */,
				0DEF10012ABEED5100D9EF04 /* SLSectionCell.swift in Sources */,
				0DEF10172AC03D3300D9EF04 /* PhotoUploadResponse.swift in Sources */,
				0DEF10072ABEEFDD00D9EF04 /* DeveloperListTableView.swift in Sources */,
				0D6C2AD72ABEDB4500D6BCD5 /* MainFlowNavigatorProtocol.swift in Sources */,
				0DEF100F2ABEF1B500D9EF04 /* AvatarImageView.swift in Sources */,
			);
			runOnlyForDeploymentPostprocessing = 0;
		};
/* End PBXSourcesBuildPhase section */

/* Begin PBXVariantGroup section */
		0D6C2ABE2ABED76C00D6BCD5 /* LaunchScreen.storyboard */ = {
			isa = PBXVariantGroup;
			children = (
				0D6C2ABF2ABED76C00D6BCD5 /* Base */,
			);
			name = LaunchScreen.storyboard;
			sourceTree = "<group>";
		};
/* End PBXVariantGroup section */

/* Begin XCBuildConfiguration section */
		0D6C2AC22ABED76C00D6BCD5 /* Debug */ = {
			isa = XCBuildConfiguration;
			buildSettings = {
				ALWAYS_SEARCH_USER_PATHS = NO;
				CLANG_ANALYZER_NONNULL = YES;
				CLANG_ANALYZER_NUMBER_OBJECT_CONVERSION = YES_AGGRESSIVE;
				CLANG_CXX_LANGUAGE_STANDARD = "gnu++20";
				CLANG_ENABLE_MODULES = YES;
				CLANG_ENABLE_OBJC_ARC = YES;
				CLANG_ENABLE_OBJC_WEAK = YES;
				CLANG_WARN_BLOCK_CAPTURE_AUTORELEASING = YES;
				CLANG_WARN_BOOL_CONVERSION = YES;
				CLANG_WARN_COMMA = YES;
				CLANG_WARN_CONSTANT_CONVERSION = YES;
				CLANG_WARN_DEPRECATED_OBJC_IMPLEMENTATIONS = YES;
				CLANG_WARN_DIRECT_OBJC_ISA_USAGE = YES_ERROR;
				CLANG_WARN_DOCUMENTATION_COMMENTS = YES;
				CLANG_WARN_EMPTY_BODY = YES;
				CLANG_WARN_ENUM_CONVERSION = YES;
				CLANG_WARN_INFINITE_RECURSION = YES;
				CLANG_WARN_INT_CONVERSION = YES;
				CLANG_WARN_NON_LITERAL_NULL_CONVERSION = YES;
				CLANG_WARN_OBJC_IMPLICIT_RETAIN_SELF = YES;
				CLANG_WARN_OBJC_LITERAL_CONVERSION = YES;
				CLANG_WARN_OBJC_ROOT_CLASS = YES_ERROR;
				CLANG_WARN_QUOTED_INCLUDE_IN_FRAMEWORK_HEADER = YES;
				CLANG_WARN_RANGE_LOOP_ANALYSIS = YES;
				CLANG_WARN_STRICT_PROTOTYPES = YES;
				CLANG_WARN_SUSPICIOUS_MOVE = YES;
				CLANG_WARN_UNGUARDED_AVAILABILITY = YES_AGGRESSIVE;
				CLANG_WARN_UNREACHABLE_CODE = YES;
				CLANG_WARN__DUPLICATE_METHOD_MATCH = YES;
				COPY_PHASE_STRIP = NO;
				DEBUG_INFORMATION_FORMAT = dwarf;
				ENABLE_STRICT_OBJC_MSGSEND = YES;
				ENABLE_TESTABILITY = YES;
				GCC_C_LANGUAGE_STANDARD = gnu11;
				GCC_DYNAMIC_NO_PIC = NO;
				GCC_NO_COMMON_BLOCKS = YES;
				GCC_OPTIMIZATION_LEVEL = 0;
				GCC_PREPROCESSOR_DEFINITIONS = (
					"DEBUG=1",
					"$(inherited)",
				);
				GCC_WARN_64_TO_32_BIT_CONVERSION = YES;
				GCC_WARN_ABOUT_RETURN_TYPE = YES_ERROR;
				GCC_WARN_UNDECLARED_SELECTOR = YES;
				GCC_WARN_UNINITIALIZED_AUTOS = YES_AGGRESSIVE;
				GCC_WARN_UNUSED_FUNCTION = YES;
				GCC_WARN_UNUSED_VARIABLE = YES;
				IPHONEOS_DEPLOYMENT_TARGET = 13.0;
				MTL_ENABLE_DEBUG_INFO = INCLUDE_SOURCE;
				MTL_FAST_MATH = YES;
				ONLY_ACTIVE_ARCH = YES;
				SDKROOT = iphoneos;
				SWIFT_ACTIVE_COMPILATION_CONDITIONS = DEBUG;
				SWIFT_OPTIMIZATION_LEVEL = "-Onone";
			};
			name = Debug;
		};
		0D6C2AC32ABED76C00D6BCD5 /* Release */ = {
			isa = XCBuildConfiguration;
			buildSettings = {
				ALWAYS_SEARCH_USER_PATHS = NO;
				CLANG_ANALYZER_NONNULL = YES;
				CLANG_ANALYZER_NUMBER_OBJECT_CONVERSION = YES_AGGRESSIVE;
				CLANG_CXX_LANGUAGE_STANDARD = "gnu++20";
				CLANG_ENABLE_MODULES = YES;
				CLANG_ENABLE_OBJC_ARC = YES;
				CLANG_ENABLE_OBJC_WEAK = YES;
				CLANG_WARN_BLOCK_CAPTURE_AUTORELEASING = YES;
				CLANG_WARN_BOOL_CONVERSION = YES;
				CLANG_WARN_COMMA = YES;
				CLANG_WARN_CONSTANT_CONVERSION = YES;
				CLANG_WARN_DEPRECATED_OBJC_IMPLEMENTATIONS = YES;
				CLANG_WARN_DIRECT_OBJC_ISA_USAGE = YES_ERROR;
				CLANG_WARN_DOCUMENTATION_COMMENTS = YES;
				CLANG_WARN_EMPTY_BODY = YES;
				CLANG_WARN_ENUM_CONVERSION = YES;
				CLANG_WARN_INFINITE_RECURSION = YES;
				CLANG_WARN_INT_CONVERSION = YES;
				CLANG_WARN_NON_LITERAL_NULL_CONVERSION = YES;
				CLANG_WARN_OBJC_IMPLICIT_RETAIN_SELF = YES;
				CLANG_WARN_OBJC_LITERAL_CONVERSION = YES;
				CLANG_WARN_OBJC_ROOT_CLASS = YES_ERROR;
				CLANG_WARN_QUOTED_INCLUDE_IN_FRAMEWORK_HEADER = YES;
				CLANG_WARN_RANGE_LOOP_ANALYSIS = YES;
				CLANG_WARN_STRICT_PROTOTYPES = YES;
				CLANG_WARN_SUSPICIOUS_MOVE = YES;
				CLANG_WARN_UNGUARDED_AVAILABILITY = YES_AGGRESSIVE;
				CLANG_WARN_UNREACHABLE_CODE = YES;
				CLANG_WARN__DUPLICATE_METHOD_MATCH = YES;
				COPY_PHASE_STRIP = NO;
				DEBUG_INFORMATION_FORMAT = "dwarf-with-dsym";
				ENABLE_NS_ASSERTIONS = NO;
				ENABLE_STRICT_OBJC_MSGSEND = YES;
				GCC_C_LANGUAGE_STANDARD = gnu11;
				GCC_NO_COMMON_BLOCKS = YES;
				GCC_WARN_64_TO_32_BIT_CONVERSION = YES;
				GCC_WARN_ABOUT_RETURN_TYPE = YES_ERROR;
				GCC_WARN_UNDECLARED_SELECTOR = YES;
				GCC_WARN_UNINITIALIZED_AUTOS = YES_AGGRESSIVE;
				GCC_WARN_UNUSED_FUNCTION = YES;
				GCC_WARN_UNUSED_VARIABLE = YES;
				IPHONEOS_DEPLOYMENT_TARGET = 13.0;
				MTL_ENABLE_DEBUG_INFO = NO;
				MTL_FAST_MATH = YES;
				SDKROOT = iphoneos;
				SWIFT_COMPILATION_MODE = wholemodule;
				SWIFT_OPTIMIZATION_LEVEL = "-O";
				VALIDATE_PRODUCT = YES;
			};
			name = Release;
		};
		0D6C2AC52ABED76C00D6BCD5 /* Debug */ = {
			isa = XCBuildConfiguration;
			buildSettings = {
				ASSETCATALOG_COMPILER_APPICON_NAME = AppIcon;
				ASSETCATALOG_COMPILER_GLOBAL_ACCENT_COLOR_NAME = AccentColor;
				CODE_SIGN_STYLE = Automatic;
				CURRENT_PROJECT_VERSION = 1;
				DEVELOPMENT_TEAM = FAD3VV45WY;
				GENERATE_INFOPLIST_FILE = YES;
				INFOPLIST_FILE = SnapList/Info.plist;
				INFOPLIST_KEY_LSApplicationCategoryType = "public.app-category.business";
				INFOPLIST_KEY_UIApplicationSupportsIndirectInputEvents = YES;
				INFOPLIST_KEY_UILaunchStoryboardName = "";
				INFOPLIST_KEY_UISupportedInterfaceOrientations = UIInterfaceOrientationPortrait;
				INFOPLIST_KEY_UISupportedInterfaceOrientations_iPad = "UIInterfaceOrientationLandscapeLeft UIInterfaceOrientationLandscapeRight UIInterfaceOrientationPortrait UIInterfaceOrientationPortraitUpsideDown";
				LD_RUNPATH_SEARCH_PATHS = (
					"$(inherited)",
					"@executable_path/Frameworks",
				);
				MARKETING_VERSION = 1.0;
				PRODUCT_BUNDLE_IDENTIFIER = org.katsubo.SnapList;
				PRODUCT_NAME = "$(TARGET_NAME)";
				SUPPORTED_PLATFORMS = "iphoneos iphonesimulator";
				SUPPORTS_MACCATALYST = NO;
				SUPPORTS_MAC_DESIGNED_FOR_IPHONE_IPAD = NO;
				SWIFT_EMIT_LOC_STRINGS = YES;
				SWIFT_VERSION = 5.0;
				TARGETED_DEVICE_FAMILY = 1;
			};
			name = Debug;
		};
		0D6C2AC62ABED76C00D6BCD5 /* Release */ = {
			isa = XCBuildConfiguration;
			buildSettings = {
				ASSETCATALOG_COMPILER_APPICON_NAME = AppIcon;
				ASSETCATALOG_COMPILER_GLOBAL_ACCENT_COLOR_NAME = AccentColor;
				CODE_SIGN_STYLE = Automatic;
				CURRENT_PROJECT_VERSION = 1;
				DEVELOPMENT_TEAM = FAD3VV45WY;
				GENERATE_INFOPLIST_FILE = YES;
				INFOPLIST_FILE = SnapList/Info.plist;
				INFOPLIST_KEY_LSApplicationCategoryType = "public.app-category.business";
				INFOPLIST_KEY_UIApplicationSupportsIndirectInputEvents = YES;
				INFOPLIST_KEY_UILaunchStoryboardName = "";
				INFOPLIST_KEY_UISupportedInterfaceOrientations = UIInterfaceOrientationPortrait;
				INFOPLIST_KEY_UISupportedInterfaceOrientations_iPad = "UIInterfaceOrientationLandscapeLeft UIInterfaceOrientationLandscapeRight UIInterfaceOrientationPortrait UIInterfaceOrientationPortraitUpsideDown";
				LD_RUNPATH_SEARCH_PATHS = (
					"$(inherited)",
					"@executable_path/Frameworks",
				);
				MARKETING_VERSION = 1.0;
				PRODUCT_BUNDLE_IDENTIFIER = org.katsubo.SnapList;
				PRODUCT_NAME = "$(TARGET_NAME)";
				SUPPORTED_PLATFORMS = "iphoneos iphonesimulator";
				SUPPORTS_MACCATALYST = NO;
				SUPPORTS_MAC_DESIGNED_FOR_IPHONE_IPAD = NO;
				SWIFT_EMIT_LOC_STRINGS = YES;
				SWIFT_VERSION = 5.0;
				TARGETED_DEVICE_FAMILY = 1;
			};
			name = Release;
		};
/* End XCBuildConfiguration section */

/* Begin XCConfigurationList section */
		0D6C2AAB2ABED76B00D6BCD5 /* Build configuration list for PBXProject "SnapList" */ = {
			isa = XCConfigurationList;
			buildConfigurations = (
				0D6C2AC22ABED76C00D6BCD5 /* Debug */,
				0D6C2AC32ABED76C00D6BCD5 /* Release */,
			);
			defaultConfigurationIsVisible = 0;
			defaultConfigurationName = Release;
		};
		0D6C2AC42ABED76C00D6BCD5 /* Build configuration list for PBXNativeTarget "SnapList" */ = {
			isa = XCConfigurationList;
			buildConfigurations = (
				0D6C2AC52ABED76C00D6BCD5 /* Debug */,
				0D6C2AC62ABED76C00D6BCD5 /* Release */,
			);
			defaultConfigurationIsVisible = 0;
			defaultConfigurationName = Release;
		};
/* End XCConfigurationList section */
	};
	rootObject = 0D6C2AA82ABED76B00D6BCD5 /* Project object */;
}
